<?xml version="1.0" encoding="utf-8"?>
<Project ToolsVersion="4.0" xmlns="http://schemas.microsoft.com/developer/msbuild/2003">
  <ItemGroup>
    <Filter Include="src">
      <UniqueIdentifier>{cb8d9e0c-0f37-45c4-978e-613368e54410}</UniqueIdentifier>
    </Filter>
  </ItemGroup>
  <ItemGroup>
    <ClCompile Include="linkedListStub.cpp">
      <Filter>src</Filter>
    </ClCompile>
  </ItemGroup>
</Project>